
Microsoft Visual Studio Solution File, Format Version 12.00
# Visual Studio Version 16
VisualStudioVersion = 16.0.29509.3
MinimumVisualStudioVersion = 10.0.40219.1
Project("{8BC9CEB8-8B4A-11D0-8D11-00A0C91BC942}") = "4.6作业", "4.6作业.vcxproj", "{E70FE48C-CECE-478C-9CED-2A5C3BFBCC17}"
EndProject
Global
	GlobalSection(SolutionConfigurationPlatforms) = preSolution
		Debug|x64 = Debug|x64
		Debug|x86 = Debug|x86
		Release|x64 = Release|x64
		Release|x86 = Release|x86
	EndGlobalSection
	GlobalSection(ProjectConfigurationPlatforms) = postSolution
		{E70FE48C-CECE-478C-9CED-2A5C3BFBCC17}.Debug|x64.ActiveCfg = Debug|x64
		{E70FE48C-CECE-478C-9CED-2A5C3BFBCC17}.Debug|x64.Build.0 = Debug|x64
		{E70FE48C-CECE-478C-9CED-2A5C3BFBCC17}.Debug|x86.ActiveCfg = Debug|Win32
		{E70FE48C-CECE-478C-9CED-2A5C3BFBCC17}.Debug|x86.Build.0 = Debug|Win32
		{E70FE48C-CECE-478C-9CED-2A5C3BFBCC17}.Release|x64.ActiveCfg = Release|x64
		{E70FE48C-CECE-478C-9CED-2A5C3BFBCC17}.Release|x64.Build.0 = Release|x64
		{E70FE48C-CECE-478C-9CED-2A5C3BFBCC17}.Release|x86.ActiveCfg = Release|Win32
		{E70FE48C-CECE-478C-9CED-2A5C3BFBCC17}.Release|x86.Build.0 = Release|Win32
	EndGlobalSection
	GlobalSection(SolutionProperties) = preSolution
		HideSolutionNode = FALSE
	EndGlobalSection
	GlobalSection(ExtensibilityGlobals) = postSolution
		SolutionGuid = {21232BDA-3727-4C3C-B380-39336B1D2E47}
	EndGlobalSection
EndGlobal
